
Microsoft Visual Studio Solution File, Format Version 12.00
# Visual Studio Version 17
VisualStudioVersion = 17.7.34031.279
MinimumVisualStudioVersion = 10.0.40219.1
Project("{FAE04EC0-301F-11D3-BF4B-00C04F79EFBC}") = "consultarCep", "consultarCep\consultarCep.csproj", "{DBCD20C5-15C4-4E64-ACF0-E585D1550F6B}"
EndProject
Project("{2150E333-8FDC-42A3-9474-1A3956D46DE8}") = "Itens de Solução", "Itens de Solução", "{AB99252E-90FB-4D94-B7D5-CBEFB9B6A347}"
	ProjectSection(SolutionItems) = preProject
		.gitignore = .gitignore
		README.md = README.md
	EndProjectSection
EndProject
Global
	GlobalSection(SolutionConfigurationPlatforms) = preSolution
		Debug|Any CPU = Debug|Any CPU
		Release|Any CPU = Release|Any CPU
	EndGlobalSection
	GlobalSection(ProjectConfigurationPlatforms) = postSolution
		{DBCD20C5-15C4-4E64-ACF0-E585D1550F6B}.Debug|Any CPU.ActiveCfg = Debug|Any CPU
		{DBCD20C5-15C4-4E64-ACF0-E585D1550F6B}.Debug|Any CPU.Build.0 = Debug|Any CPU
		{DBCD20C5-15C4-4E64-ACF0-E585D1550F6B}.Release|Any CPU.ActiveCfg = Release|Any CPU
		{DBCD20C5-15C4-4E64-ACF0-E585D1550F6B}.Release|Any CPU.Build.0 = Release|Any CPU
	EndGlobalSection
	GlobalSection(SolutionProperties) = preSolution
		HideSolutionNode = FALSE
	EndGlobalSection
	GlobalSection(ExtensibilityGlobals) = postSolution
		SolutionGuid = {19A24F7A-E242-46D4-8305-89F5A88D0D26}
	EndGlobalSection
EndGlobal
